// !$*UTF8*$!
{
	archiveVersion = 1;
	classes = {
	};
	objectVersion = 46;
	objects = {

/* Begin PBXBuildFile section */
		16D683BC1A9231A1003759BC /* AppDelegate.swift in Sources */ = {isa = PBXBuildFile; fileRef = 16D683BB1A9231A1003759BC /* AppDelegate.swift */; };
		16D683BE1A9231A1003759BC /* ViewController.swift in Sources */ = {isa = PBXBuildFile; fileRef = 16D683BD1A9231A1003759BC /* ViewController.swift */; };
		16D683C11A9231A1003759BC /* Main.storyboard in Resources */ = {isa = PBXBuildFile; fileRef = 16D683BF1A9231A1003759BC /* Main.storyboard */; };
		16D683C31A9231A1003759BC /* Images.xcassets in Resources */ = {isa = PBXBuildFile; fileRef = 16D683C21A9231A1003759BC /* Images.xcassets */; };
		16D683C61A9231A1003759BC /* LaunchScreen.xib in Resources */ = {isa = PBXBuildFile; fileRef = 16D683C41A9231A1003759BC /* LaunchScreen.xib */; };
		16D683D21A9231A1003759BC /* ArrayExTests.swift in Sources */ = {isa = PBXBuildFile; fileRef = 16D683D11A9231A1003759BC /* ArrayExTests.swift */; };
		16D683DC1A9231BC003759BC /* ArrayEx.swift in Sources */ = {isa = PBXBuildFile; fileRef = 16D683DB1A9231BC003759BC /* ArrayEx.swift */; };
/* End PBXBuildFile section */

/* Begin PBXContainerItemProxy section */
		16D683CC1A9231A1003759BC /* PBXContainerItemProxy */ = {
			isa = PBXContainerItemProxy;
			containerPortal = 16D683AE1A9231A1003759BC /* Project object */;
			proxyType = 1;
			remoteGlobalIDString = 16D683B51A9231A1003759BC;
			remoteInfo = ArrayEx;
		};
/* End PBXContainerItemProxy section */

/* Begin PBXFileReference section */
		16D683B61A9231A1003759BC /* ArrayEx.app */ = {isa = PBXFileReference; explicitFileType = wrapper.application; includeInIndex = 0; path = ArrayEx.app; sourceTree = BUILT_PRODUCTS_DIR; };
		16D683BA1A9231A1003759BC /* Info.plist */ = {isa = PBXFileReference; lastKnownFileType = text.plist.xml; path = Info.plist; sourceTree = "<group>"; };
		16D683BB1A9231A1003759BC /* AppDelegate.swift */ = {isa = PBXFileReference; lastKnownFileType = sourcecode.swift; path = AppDelegate.swift; sourceTree = "<group>"; };
		16D683BD1A9231A1003759BC /* ViewController.swift */ = {isa = PBXFileReference; lastKnownFileType = sourcecode.swift; path = ViewController.swift; sourceTree = "<group>"; };
		16D683C01A9231A1003759BC /* Base */ = {isa = PBXFileReference; lastKnownFileType = file.storyboard; name = Base; path = Base.lproj/Main.storyboard; sourceTree = "<group>"; };
		16D683C21A9231A1003759BC /* Images.xcassets */ = {isa = PBXFileReference; lastKnownFileType = folder.assetcatalog; path = Images.xcassets; sourceTree = "<group>"; };
		16D683C51A9231A1003759BC /* Base */ = {isa = PBXFileReference; lastKnownFileType = file.xib; name = Base; path = Base.lproj/LaunchScreen.xib; sourceTree = "<group>"; };
		16D683CB1A9231A1003759BC /* ArrayExTests.xctest */ = {isa = PBXFileReference; explicitFileType = wrapper.cfbundle; includeInIndex = 0; path = ArrayExTests.xctest; sourceTree = BUILT_PRODUCTS_DIR; };
		16D683D01A9231A1003759BC /* Info.plist */ = {isa = PBXFileReference; lastKnownFileType = text.plist.xml; path = Info.plist; sourceTree = "<group>"; };
		16D683D11A9231A1003759BC /* ArrayExTests.swift */ = {isa = PBXFileReference; lastKnownFileType = sourcecode.swift; path = ArrayExTests.swift; sourceTree = "<group>"; };
		16D683DB1A9231BC003759BC /* ArrayEx.swift */ = {isa = PBXFileReference; fileEncoding = 4; lastKnownFileType = sourcecode.swift; path = ArrayEx.swift; sourceTree = "<group>"; };
/* End PBXFileReference section */

/* Begin PBXFrameworksBuildPhase section */
		16D683B31A9231A1003759BC /* Frameworks */ = {
			isa = PBXFrameworksBuildPhase;
			buildActionMask = 2147483647;
			files = (
			);
			runOnlyForDeploymentPostprocessing = 0;
		};
		16D683C81A9231A1003759BC /* Frameworks */ = {
			isa = PBXFrameworksBuildPhase;
			buildActionMask = 2147483647;
			files = (
			);
			runOnlyForDeploymentPostprocessing = 0;
		};
/* End PBXFrameworksBuildPhase section */

/* Begin PBXGroup section */
		16D683AD1A9231A1003759BC = {
			isa = PBXGroup;
			children = (
				16D683B81A9231A1003759BC /* ArrayEx */,
				16D683CE1A9231A1003759BC /* ArrayExTests */,
				16D683B71A9231A1003759BC /* Products */,
			);
			sourceTree = "<group>";
		};
		16D683B71A9231A1003759BC /* Products */ = {
			isa = PBXGroup;
			children = (
				16D683B61A9231A1003759BC /* ArrayEx.app */,
				16D683CB1A9231A1003759BC /* ArrayExTests.xctest */,
			);
			name = Products;
			sourceTree = "<group>";
		};
		16D683B81A9231A1003759BC /* ArrayEx */ = {
			isa = PBXGroup;
			children = (
				16D683BB1A9231A1003759BC /* AppDelegate.swift */,
				16D683BD1A9231A1003759BC /* ViewController.swift */,
				16D683BF1A9231A1003759BC /* Main.storyboard */,
				16D683C21A9231A1003759BC /* Images.xcassets */,
				16D683C41A9231A1003759BC /* LaunchScreen.xib */,
				16D683B91A9231A1003759BC /* Supporting Files */,
				16D683DB1A9231BC003759BC /* ArrayEx.swift */,
			);
			path = ArrayEx;
			sourceTree = "<group>";
		};
		16D683B91A9231A1003759BC /* Supporting Files */ = {
			isa = PBXGroup;
			children = (
				16D683BA1A9231A1003759BC /* Info.plist */,
			);
			name = "Supporting Files";
			sourceTree = "<group>";
		};
		16D683CE1A9231A1003759BC /* ArrayExTests */ = {
			isa = PBXGroup;
			children = (
				16D683D11A9231A1003759BC /* ArrayExTests.swift */,
				16D683CF1A9231A1003759BC /* Supporting Files */,
			);
			path = ArrayExTests;
			sourceTree = "<group>";
		};
		16D683CF1A9231A1003759BC /* Supporting Files */ = {
			isa = PBXGroup;
			children = (
				16D683D01A9231A1003759BC /* Info.plist */,
			);
			name = "Supporting Files";
			sourceTree = "<group>";
		};
/* End PBXGroup section */

/* Begin PBXNativeTarget section */
		16D683B51A9231A1003759BC /* ArrayEx */ = {
			isa = PBXNativeTarget;
			buildConfigurationList = 16D683D51A9231A1003759BC /* Build configuration list for PBXNativeTarget "ArrayEx" */;
			buildPhases = (
				16D683B21A9231A1003759BC /* Sources */,
				16D683B31A9231A1003759BC /* Frameworks */,
				16D683B41A9231A1003759BC /* Resources */,
			);
			buildRules = (
			);
			dependencies = (
			);
			name = ArrayEx;
			productName = ArrayEx;
			productReference = 16D683B61A9231A1003759BC /* ArrayEx.app */;
			productType = "com.apple.product-type.application";
		};
		16D683CA1A9231A1003759BC /* ArrayExTests */ = {
			isa = PBXNativeTarget;
			buildConfigurationList = 16D683D81A9231A1003759BC /* Build configuration list for PBXNativeTarget "ArrayExTests" */;
			buildPhases = (
				16D683C71A9231A1003759BC /* Sources */,
				16D683C81A9231A1003759BC /* Frameworks */,
				16D683C91A9231A1003759BC /* Resources */,
			);
			buildRules = (
			);
			dependencies = (
				16D683CD1A9231A1003759BC /* PBXTargetDependency */,
			);
			name = ArrayExTests;
			productName = ArrayExTests;
			productReference = 16D683CB1A9231A1003759BC /* ArrayExTests.xctest */;
			productType = "com.apple.product-type.bundle.unit-test";
		};
/* End PBXNativeTarget section */

/* Begin PBXProject section */
		16D683AE1A9231A1003759BC /* Project object */ = {
			isa = PBXProject;
			attributes = {
				LastUpgradeCheck = 0610;
				ORGANIZATIONNAME = "Peppermint Club";
				TargetAttributes = {
					16D683B51A9231A1003759BC = {
						CreatedOnToolsVersion = 6.1.1;
					};
					16D683CA1A9231A1003759BC = {
						CreatedOnToolsVersion = 6.1.1;
						TestTargetID = 16D683B51A9231A1003759BC;
					};
				};
			};
			buildConfigurationList = 16D683B11A9231A1003759BC /* Build configuration list for PBXProject "ArrayEx" */;
			compatibilityVersion = "Xcode 3.2";
			developmentRegion = English;
			hasScannedForEncodings = 0;
			knownRegions = (
				en,
				Base,
			);
			mainGroup = 16D683AD1A9231A1003759BC;
			productRefGroup = 16D683B71A9231A1003759BC /* Products */;
			projectDirPath = "";
			projectRoot = "";
			targets = (
				16D683B51A9231A1003759BC /* ArrayEx */,
				16D683CA1A9231A1003759BC /* ArrayExTests */,
			);
		};
/* End PBXProject section */

/* Begin PBXResourcesBuildPhase section */
		16D683B41A9231A1003759BC /* Resources */ = {
			isa = PBXResourcesBuildPhase;
			buildActionMask = 2147483647;
			files = (
				16D683C11A9231A1003759BC /* Main.storyboard in Resources */,
				16D683C61A9231A1003759BC /* LaunchScreen.xib in Resources */,
				16D683C31A9231A1003759BC /* Images.xcassets in Resources */,
			);
			runOnlyForDeploymentPostprocessing = 0;
		};
		16D683C91A9231A1003759BC /* Resources */ = {
			isa = PBXResourcesBuildPhase;
			buildActionMask = 2147483647;
			files = (
			);
			runOnlyForDeploymentPostprocessing = 0;
		};
/* End PBXResourcesBuildPhase section */

/* Begin PBXSourcesBuildPhase section */
		16D683B21A9231A1003759BC /* Sources */ = {
			isa = PBXSourcesBuildPhase;
			buildActionMask = 2147483647;
			files = (
				16D683DC1A9231BC003759BC /* ArrayEx.swift in Sources */,
				16D683BE1A9231A1003759BC /* ViewController.swift in Sources */,
				16D683BC1A9231A1003759BC /* AppDelegate.swift in Sources */,
			);
			runOnlyForDeploymentPostprocessing = 0;
		};
		16D683C71A9231A1003759BC /* Sources */ = {
			isa = PBXSourcesBuildPhase;
			buildActionMask = 2147483647;
			files = (
				16D683D21A9231A1003759BC /* ArrayExTests.swift in Sources */,
			);
			runOnlyForDeploymentPostprocessing = 0;
		};
/* End PBXSourcesBuildPhase section */

/* Begin PBXTargetDependency section */
		16D683CD1A9231A1003759BC /* PBXTargetDependency */ = {
			isa = PBXTargetDependency;
			target = 16D683B51A9231A1003759BC /* ArrayEx */;
			targetProxy = 16D683CC1A9231A1003759BC /* PBXContainerItemProxy */;
		};
/* End PBXTargetDependency section */

/* Begin PBXVariantGroup section */
		16D683BF1A9231A1003759BC /* Main.storyboard */ = {
			isa = PBXVariantGroup;
			children = (
				16D683C01A9231A1003759BC /* Base */,
			);
			name = Main.storyboard;
			sourceTree = "<group>";
		};
		16D683C41A9231A1003759BC /* LaunchScreen.xib */ = {
			isa = PBXVariantGroup;
			children = (
				16D683C51A9231A1003759BC /* Base */,
			);
			name = LaunchScreen.xib;
			sourceTree = "<group>";
		};
/* End PBXVariantGroup section */

/* Begin XCBuildConfiguration section */
		16D683D31A9231A1003759BC /* Debug */ = {
			isa = XCBuildConfiguration;
			buildSettings = {
				ALWAYS_SEARCH_USER_PATHS = NO;
				CLANG_CXX_LANGUAGE_STANDARD = "gnu++0x";
				CLANG_CXX_LIBRARY = "libc++";
				CLANG_ENABLE_MODULES = YES;
				CLANG_ENABLE_OBJC_ARC = YES;
				CLANG_WARN_BOOL_CONVERSION = YES;
				CLANG_WARN_CONSTANT_CONVERSION = YES;
				CLANG_WARN_DIRECT_OBJC_ISA_USAGE = YES_ERROR;
				CLANG_WARN_EMPTY_BODY = YES;
				CLANG_WARN_ENUM_CONVERSION = YES;
				CLANG_WARN_INT_CONVERSION = YES;
				CLANG_WARN_OBJC_ROOT_CLASS = YES_ERROR;
				CLANG_WARN_UNREACHABLE_CODE = YES;
				CLANG_WARN__DUPLICATE_METHOD_MATCH = YES;
				"CODE_SIGN_IDENTITY[sdk=iphoneos*]" = "iPhone Developer";
				COPY_PHASE_STRIP = NO;
				ENABLE_STRICT_OBJC_MSGSEND = YES;
				GCC_C_LANGUAGE_STANDARD = gnu99;
				GCC_DYNAMIC_NO_PIC = NO;
				GCC_OPTIMIZATION_LEVEL = 0;
				GCC_PREPROCESSOR_DEFINITIONS = (
					"DEBUG=1",
					"$(inherited)",
				);
				GCC_SYMBOLS_PRIVATE_EXTERN = NO;
				GCC_WARN_64_TO_32_BIT_CONVERSION = YES;
				GCC_WARN_ABOUT_RETURN_TYPE = YES_ERROR;
				GCC_WARN_UNDECLARED_SELECTOR = YES;
				GCC_WARN_UNINITIALIZED_AUTOS = YES_AGGRESSIVE;
				GCC_WARN_UNUSED_FUNCTION = YES;
				GCC_WARN_UNUSED_VARIABLE = YES;
				IPHONEOS_DEPLOYMENT_TARGET = 8.1;
				MTL_ENABLE_DEBUG_INFO = YES;
				ONLY_ACTIVE_ARCH = YES;
				SDKROOT = iphoneos;
				SWIFT_OPTIMIZATION_LEVEL = "-Onone";
			};
			name = Debug;
		};
		16D683D41A9231A1003759BC /* Release */ = {
			isa = XCBuildConfiguration;
			buildSettings = {
				ALWAYS_SEARCH_USER_PATHS = NO;
				CLANG_CXX_LANGUAGE_STANDARD = "gnu++0x";
				CLANG_CXX_LIBRARY = "libc++";
				CLANG_ENABLE_MODULES = YES;
				CLANG_ENABLE_OBJC_ARC = YES;
				CLANG_WARN_BOOL_CONVERSION = YES;
				CLANG_WARN_CONSTANT_CONVERSION = YES;
				CLANG_WARN_DIRECT_OBJC_ISA_USAGE = YES_ERROR;
				CLANG_WARN_EMPTY_BODY = YES;
				CLANG_WARN_ENUM_CONVERSION = YES;
				CLANG_WARN_INT_CONVERSION = YES;
				CLANG_WARN_OBJC_ROOT_CLASS = YES_ERROR;
				CLANG_WARN_UNREACHABLE_CODE = YES;
				CLANG_WARN__DUPLICATE_METHOD_MATCH = YES;
				"CODE_SIGN_IDENTITY[sdk=iphoneos*]" = "iPhone Developer";
				COPY_PHASE_STRIP = YES;
				ENABLE_NS_ASSERTIONS = NO;
				ENABLE_STRICT_OBJC_MSGSEND = YES;
				GCC_C_LANGUAGE_STANDARD = gnu99;
				GCC_WARN_64_TO_32_BIT_CONVERSION = YES;
				GCC_WARN_ABOUT_RETURN_TYPE = YES_ERROR;
				GCC_WARN_UNDECLARED_SELECTOR = YES;
				GCC_WARN_UNINITIALIZED_AUTOS = YES_AGGRESSIVE;
				GCC_WARN_UNUSED_FUNCTION = YES;
				GCC_WARN_UNUSED_VARIABLE = YES;
				IPHONEOS_DEPLOYMENT_TARGET = 8.1;
				MTL_ENABLE_DEBUG_INFO = NO;
				SDKROOT = iphoneos;
				VALIDATE_PRODUCT = YES;
			};
			name = Release;
		};
		16D683D61A9231A1003759BC /* Debug */ = {
			isa = XCBuildConfiguration;
			buildSettings = {
				ASSETCATALOG_COMPILER_APPICON_NAME = AppIcon;
				INFOPLIST_FILE = ArrayEx/Info.plist;
				LD_RUNPATH_SEARCH_PATHS = "$(inherited) @executable_path/Frameworks";
				PRODUCT_NAME = "$(TARGET_NAME)";
			};
			name = Debug;
		};
		16D683D71A9231A1003759BC /* Release */ = {
			isa = XCBuildConfiguration;
			buildSettings = {
				ASSETCATALOG_COMPILER_APPICON_NAME = AppIcon;
				INFOPLIST_FILE = ArrayEx/Info.plist;
				LD_RUNPATH_SEARCH_PATHS = "$(inherited) @executable_path/Frameworks";
				PRODUCT_NAME = "$(TARGET_NAME)";
			};
			name = Release;
		};
		16D683D91A9231A1003759BC /* Debug */ = {
			isa = XCBuildConfiguration;
			buildSettings = {
				BUNDLE_LOADER = "$(TEST_HOST)";
				FRAMEWORK_SEARCH_PATHS = (
					"$(SDKROOT)/Developer/Library/Frameworks",
					"$(inherited)",
				);
				GCC_PREPROCESSOR_DEFINITIONS = (
					"DEBUG=1",
					"$(inherited)",
				);
				INFOPLIST_FILE = ArrayExTests/Info.plist;
				LD_RUNPATH_SEARCH_PATHS = "$(inherited) @executable_path/Frameworks @loader_path/Frameworks";
				PRODUCT_NAME = "$(TARGET_NAME)";
				TEST_HOST = "$(BUILT_PRODUCTS_DIR)/ArrayEx.app/ArrayEx";
			};
			name = Debug;
		};
		16D683DA1A9231A1003759BC /* Release */ = {
			isa = XCBuildConfiguration;
			buildSettings = {
				BUNDLE_LOADER = "$(TEST_HOST)";
				FRAMEWORK_SEARCH_PATHS = (
					"$(SDKROOT)/Developer/Library/Frameworks",
					"$(inherited)",
				);
				INFOPLIST_FILE = ArrayExTests/Info.plist;
				LD_RUNPATH_SEARCH_PATHS = "$(inherited) @executable_path/Frameworks @loader_path/Frameworks";
				PRODUCT_NAME = "$(TARGET_NAME)";
				TEST_HOST = "$(BUILT_PRODUCTS_DIR)/ArrayEx.app/ArrayEx";
			};
			name = Release;
		};
/* End XCBuildConfiguration section */

/* Begin XCConfigurationList section */
		16D683B11A9231A1003759BC /* Build configuration list for PBXProject "ArrayEx" */ = {
			isa = XCConfigurationList;
			buildConfigurations = (
				16D683D31A9231A1003759BC /* Debug */,
				16D683D41A9231A1003759BC /* Release */,
			);
			defaultConfigurationIsVisible = 0;
			defaultConfigurationName = Release;
		};
		16D683D51A9231A1003759BC /* Build configuration list for PBXNativeTarget "ArrayEx" */ = {
			isa = XCConfigurationList;
			buildConfigurations = (
				16D683D61A9231A1003759BC /* Debug */,
				16D683D71A9231A1003759BC /* Release */,
			);
			defaultConfigurationIsVisible = 0;
		};
		16D683D81A9231A1003759BC /* Build configuration list for PBXNativeTarget "ArrayExTests" */ = {
			isa = XCConfigurationList;
			buildConfigurations = (
				16D683D91A9231A1003759BC /* Debug */,
				16D683DA1A9231A1003759BC /* Release */,
			);
			defaultConfigurationIsVisible = 0;
		};
/* End XCConfigurationList section */
	};
	rootObject = 16D683AE1A9231A1003759BC /* Project object */;
}
